
Microsoft Visual Studio Solution File, Format Version 12.00
# Visual Studio Version 16
VisualStudioVersion = 16.0.31624.102
MinimumVisualStudioVersion = 10.0.40219.1
Project("{2150E333-8FDC-42A3-9474-1A3956D46DE8}") = "src", "src", "{E24A2B8C-9F3D-4673-96A5-2CC8D33A90A4}"
EndProject
Project("{2150E333-8FDC-42A3-9474-1A3956D46DE8}") = "testes", "testes", "{4C70B2EC-A136-4BED-84FA-04306218E2CC}"
EndProject
Project("{FAE04EC0-301F-11D3-BF4B-00C04F79EFBC}") = "TestesDeUnidade.TDD.xUnit.Models", "TestesDeUnidade.TDD.xUnit.Models\TestesDeUnidade.TDD.xUnit.Models.csproj", "{08A983F0-E94B-4103-A719-FC0F16E325B8}"
EndProject
Project("{FAE04EC0-301F-11D3-BF4B-00C04F79EFBC}") = "TestesDeUnidade.TDD.xUnit.Testes", "TestesDeUnidade.TDD.xUnit.Testes\TestesDeUnidade.TDD.xUnit.Testes.csproj", "{14CE04FD-2A05-456F-9882-BDD9958E05D8}"
EndProject
Global
	GlobalSection(SolutionConfigurationPlatforms) = preSolution
		Debug|Any CPU = Debug|Any CPU
		Release|Any CPU = Release|Any CPU
	EndGlobalSection
	GlobalSection(ProjectConfigurationPlatforms) = postSolution
		{08A983F0-E94B-4103-A719-FC0F16E325B8}.Debug|Any CPU.ActiveCfg = Debug|Any CPU
		{08A983F0-E94B-4103-A719-FC0F16E325B8}.Debug|Any CPU.Build.0 = Debug|Any CPU
		{08A983F0-E94B-4103-A719-FC0F16E325B8}.Release|Any CPU.ActiveCfg = Release|Any CPU
		{08A983F0-E94B-4103-A719-FC0F16E325B8}.Release|Any CPU.Build.0 = Release|Any CPU
		{14CE04FD-2A05-456F-9882-BDD9958E05D8}.Debug|Any CPU.ActiveCfg = Debug|Any CPU
		{14CE04FD-2A05-456F-9882-BDD9958E05D8}.Debug|Any CPU.Build.0 = Debug|Any CPU
		{14CE04FD-2A05-456F-9882-BDD9958E05D8}.Release|Any CPU.ActiveCfg = Release|Any CPU
		{14CE04FD-2A05-456F-9882-BDD9958E05D8}.Release|Any CPU.Build.0 = Release|Any CPU
	EndGlobalSection
	GlobalSection(SolutionProperties) = preSolution
		HideSolutionNode = FALSE
	EndGlobalSection
	GlobalSection(NestedProjects) = preSolution
		{08A983F0-E94B-4103-A719-FC0F16E325B8} = {E24A2B8C-9F3D-4673-96A5-2CC8D33A90A4}
		{14CE04FD-2A05-456F-9882-BDD9958E05D8} = {4C70B2EC-A136-4BED-84FA-04306218E2CC}
	EndGlobalSection
	GlobalSection(ExtensibilityGlobals) = postSolution
		SolutionGuid = {7B1FB9FD-2F98-424D-97E9-75D2D2852AF5}
	EndGlobalSection
EndGlobal
